
Microsoft Visual Studio Solution File, Format Version 12.00
# Visual Studio Version 16
VisualStudioVersion = 16.0.30225.117
MinimumVisualStudioVersion = 10.0.40219.1
Project("{9A19103F-16F7-4668-BE54-9A1E7A4F7556}") = "DecreeGenerator", "DecreeGenerator\DecreeGenerator.csproj", "{7506C564-6DD3-4FEF-9536-56AF0ABE43CA}"
EndProject
Project("{9A19103F-16F7-4668-BE54-9A1E7A4F7556}") = "DecreeGeneratorUI", "DecreeGeneratorUI\DecreeGeneratorUI.csproj", "{DC7A6107-552C-4282-A994-BD1F8737B83B}"
EndProject
Project("{9A19103F-16F7-4668-BE54-9A1E7A4F7556}") = "ApplicationsParser", "ApplicationsParser\ApplicationsParser.csproj", "{27CF161E-4AD0-4865-BDD6-8E9F62890062}"
EndProject
Project("{9A19103F-16F7-4668-BE54-9A1E7A4F7556}") = "ContingentParser", "ContingentParser\ContingentParser.csproj", "{445C500D-AE34-40C3-98BB-4CDAFF89AB82}"
EndProject
Project("{9A19103F-16F7-4668-BE54-9A1E7A4F7556}") = "CurriculumParser", "CurriculumParser\CurriculumParser.csproj", "{A55340EF-B4CF-4206-A10B-19F6DBE07DA3}"
EndProject
Global
	GlobalSection(SolutionConfigurationPlatforms) = preSolution
		Debug|Any CPU = Debug|Any CPU
		Release|Any CPU = Release|Any CPU
	EndGlobalSection
	GlobalSection(ProjectConfigurationPlatforms) = postSolution
		{7506C564-6DD3-4FEF-9536-56AF0ABE43CA}.Debug|Any CPU.ActiveCfg = Debug|Any CPU
		{7506C564-6DD3-4FEF-9536-56AF0ABE43CA}.Debug|Any CPU.Build.0 = Debug|Any CPU
		{7506C564-6DD3-4FEF-9536-56AF0ABE43CA}.Release|Any CPU.ActiveCfg = Release|Any CPU
		{7506C564-6DD3-4FEF-9536-56AF0ABE43CA}.Release|Any CPU.Build.0 = Release|Any CPU
		{DC7A6107-552C-4282-A994-BD1F8737B83B}.Debug|Any CPU.ActiveCfg = Debug|Any CPU
		{DC7A6107-552C-4282-A994-BD1F8737B83B}.Debug|Any CPU.Build.0 = Debug|Any CPU
		{DC7A6107-552C-4282-A994-BD1F8737B83B}.Release|Any CPU.ActiveCfg = Release|Any CPU
		{DC7A6107-552C-4282-A994-BD1F8737B83B}.Release|Any CPU.Build.0 = Release|Any CPU
		{27CF161E-4AD0-4865-BDD6-8E9F62890062}.Debug|Any CPU.ActiveCfg = Debug|Any CPU
		{27CF161E-4AD0-4865-BDD6-8E9F62890062}.Debug|Any CPU.Build.0 = Debug|Any CPU
		{27CF161E-4AD0-4865-BDD6-8E9F62890062}.Release|Any CPU.ActiveCfg = Release|Any CPU
		{27CF161E-4AD0-4865-BDD6-8E9F62890062}.Release|Any CPU.Build.0 = Release|Any CPU
		{445C500D-AE34-40C3-98BB-4CDAFF89AB82}.Debug|Any CPU.ActiveCfg = Debug|Any CPU
		{445C500D-AE34-40C3-98BB-4CDAFF89AB82}.Debug|Any CPU.Build.0 = Debug|Any CPU
		{445C500D-AE34-40C3-98BB-4CDAFF89AB82}.Release|Any CPU.ActiveCfg = Release|Any CPU
		{445C500D-AE34-40C3-98BB-4CDAFF89AB82}.Release|Any CPU.Build.0 = Release|Any CPU
		{A55340EF-B4CF-4206-A10B-19F6DBE07DA3}.Debug|Any CPU.ActiveCfg = Debug|Any CPU
		{A55340EF-B4CF-4206-A10B-19F6DBE07DA3}.Debug|Any CPU.Build.0 = Debug|Any CPU
		{A55340EF-B4CF-4206-A10B-19F6DBE07DA3}.Release|Any CPU.ActiveCfg = Release|Any CPU
		{A55340EF-B4CF-4206-A10B-19F6DBE07DA3}.Release|Any CPU.Build.0 = Release|Any CPU
	EndGlobalSection
	GlobalSection(SolutionProperties) = preSolution
		HideSolutionNode = FALSE
	EndGlobalSection
	GlobalSection(ExtensibilityGlobals) = postSolution
		SolutionGuid = {BF45EB1C-7C22-4DA4-8E68-F33303B3664A}
	EndGlobalSection
EndGlobal
